<?xml version="1.0" encoding="utf-8"?>
<Project ToolsVersion="4.0" xmlns="http://schemas.microsoft.com/developer/msbuild/2003">
  <ItemGroup>
    <Filter Include="Doc">
      <UniqueIdentifier>{457050d4-f1f3-4a27-972f-11271f76b0de}</UniqueIdentifier>
    </Filter>
    <Filter Include="Resource Files">
      <UniqueIdentifier>{D9D6E242-F8AF-46E4-B9FD-80ECBC20BA3E}</UniqueIdentifier>
      <Extensions>qrc;*</Extensions>
      <ParseFiles>false</ParseFiles>
    </Filter>
    <Filter Include="Support">
      <UniqueIdentifier>{a9876874-6172-4c9f-9d7e-e37acb380d0b}</UniqueIdentifier>
    </Filter>
    <Filter Include="Forms">
      <UniqueIdentifier>{99349809-55BA-4b9d-BF79-8FDBB0286EB3}</UniqueIdentifier>
      <Extensions>ui</Extensions>
      <ParseFiles>true</ParseFiles>
    </Filter>
    <Filter Include="SpecialEdition">
      <UniqueIdentifier>{8b8b006f-8acf-4274-bd58-dc8099aad0d7}</UniqueIdentifier>
    </Filter>
    <Filter Include="SpecialEdition\xmplib">
      <UniqueIdentifier>{b47aff88-632d-453b-bccf-8ba97950b785}</UniqueIdentifier>
    </Filter>
  </ItemGroup>
  <ItemGroup>
    <ClCompile Include="RTTI.cpp" />
    <ClCompile Include="Vftable.cpp" />
    <ClCompile Include="MainDialog.cpp" />
    <ClCompile Include="Main.cpp" />
    <ClCompile Include="..\IDA_Support\Utility\Utility.cpp">
      <Filter>Support</Filter>
    </ClCompile>
  </ItemGroup>
  <ItemGroup>
    <CustomBuild Include="RTTI.h" />
    <CustomBuild Include="StdAfx.h" />
    <CustomBuild Include="Vftable.h" />
    <CustomBuild Include="undname.h">
      <Filter>Support</Filter>
    </CustomBuild>
    <QtUic Include="dialog.ui">
      <Filter>Forms</Filter>
    </QtUic>
    <QtMoc Include="MainDialog.h" />
    <QtRcc Include="ClassInformerRes.qrc">
      <Filter>Resource Files</Filter>
    </QtRcc>
  </ItemGroup>
  <ItemGroup>
    <ClInclude Include="Main.h" />
    <ClInclude Include="..\IDA_Support\Utility\Utility.h">
      <Filter>Support</Filter>
    </ClInclude>
    <ClInclude Include="LocalData\libxmp-master\include\xmp.h">
      <Filter>SpecialEdition\xmplib</Filter>
    </ClInclude>
    <ClInclude Include="..\IDA_Support\IDA_SegmentSelect\include\SegSelect.h">
      <Filter>Support</Filter>
    </ClInclude>
    <ClInclude Include="..\IDA_Support\IDA_OggPlayer\IdaOgg.h">
      <Filter>Support</Filter>
    </ClInclude>
  </ItemGroup>
  <ItemGroup>
    <Text Include="LocalData\Doc\classes.txt">
      <Filter>Doc</Filter>
    </Text>
    <Text Include="LocalData\Doc\List Window Child Widgets.txt">
      <Filter>Doc</Filter>
    </Text>
    <Text Include="LocalData\Doc\Notes.txt">
      <Filter>Doc</Filter>
    </Text>
    <Text Include="LocalData\Doc\Qt Build and MOC stuff.txt">
      <Filter>Doc</Filter>
    </Text>
    <Text Include="LocalData\Doc\ScratchPad.txt">
      <Filter>Doc</Filter>
    </Text>
    <Text Include="LocalData\Doc\Temp.txt">
      <Filter>Doc</Filter>
    </Text>
    <Text Include="LocalData\Doc\Update TODO.txt">
      <Filter>Doc</Filter>
    </Text>
    <Text Include="ai solutions.txt">
      <Filter>Doc</Filter>
    </Text>
    <Text Include="changes.txt">
      <Filter>Doc</Filter>
    </Text>
  </ItemGroup>
  <ItemGroup>
    <Image Include="res\banner.png">
      <Filter>Resource Files</Filter>
    </Image>
    <Image Include="res\checkbox-checked.png">
      <Filter>Resource Files</Filter>
    </Image>
    <Image Include="res\icon.png">
      <Filter>Resource Files</Filter>
    </Image>
  </ItemGroup>
  <ItemGroup>
    <None Include="res\completed.ogg">
      <Filter>Resource Files</Filter>
    </None>
    <None Include="res\progress-style.qss">
      <Filter>Resource Files</Filter>
    </None>
    <None Include="res\style.qss">
      <Filter>Resource Files</Filter>
    </None>
    <None Include="res\view-style.qss">
      <Filter>Resource Files</Filter>
    </None>
    <None Include="LocalData\adding animted banner.md">
      <Filter>Doc</Filter>
    </None>
  </ItemGroup>
  <ItemGroup>
    <QtMoc Include="AnimBannerWidget.h">
      <Filter>SpecialEdition</Filter>
    </QtMoc>
  </ItemGroup>
</Project>